
Microsoft Visual Studio Solution File, Format Version 12.00
# Visual Studio Version 16
VisualStudioVersion = 16.0.29215.179
MinimumVisualStudioVersion = 10.0.40219.1
Project("{FAE04EC0-301F-11D3-BF4B-00C04F79EFBC}") = "CSVcleaner", "CSVcleaner\CSVcleaner.csproj", "{93CDEE53-3381-46C9-ACB2-D20111EAEFD7}"
EndProject
Global
	GlobalSection(SolutionConfigurationPlatforms) = preSolution
		Debug|Any CPU = Debug|Any CPU
		Release|Any CPU = Release|Any CPU
	EndGlobalSection
	GlobalSection(ProjectConfigurationPlatforms) = postSolution
		{93CDEE53-3381-46C9-ACB2-D20111EAEFD7}.Debug|Any CPU.ActiveCfg = Debug|Any CPU
		{93CDEE53-3381-46C9-ACB2-D20111EAEFD7}.Debug|Any CPU.Build.0 = Debug|Any CPU
		{93CDEE53-3381-46C9-ACB2-D20111EAEFD7}.Release|Any CPU.ActiveCfg = Release|Any CPU
		{93CDEE53-3381-46C9-ACB2-D20111EAEFD7}.Release|Any CPU.Build.0 = Release|Any CPU
	EndGlobalSection
	GlobalSection(SolutionProperties) = preSolution
		HideSolutionNode = FALSE
	EndGlobalSection
	GlobalSection(ExtensibilityGlobals) = postSolution
		SolutionGuid = {CB42EA2A-27F4-46C2-A0A4-2438E435A0E2}
	EndGlobalSection
EndGlobal
